
Microsoft Visual Studio Solution File, Format Version 11.00
# Visual C# Express 2010
Project("{FAE04EC0-301F-11D3-BF4B-00C04F79EFBC}") = "ClassicSub", "ClassicSub\ClassicSub.csproj", "{D0CC94D1-9DD1-4A43-98AF-F8CE9815DFBC}"
	ProjectSection(ProjectDependencies) = postProject
		{43967937-3D38-4DD8-9C63-A486A0BB6DD5} = {43967937-3D38-4DD8-9C63-A486A0BB6DD5}
	EndProjectSection
EndProject
Project("{FAE04EC0-301F-11D3-BF4B-00C04F79EFBC}") = "TextDesignerCSLibrary", "ClassicSub\TextDesignerCSLibrary\TextDesignerCSLibrary.csproj", "{43967937-3D38-4DD8-9C63-A486A0BB6DD5}"
EndProject
Global
	GlobalSection(SolutionConfigurationPlatforms) = preSolution
		Debug|Any CPU = Debug|Any CPU
		Debug|Mixed Platforms = Debug|Mixed Platforms
		Debug|x86 = Debug|x86
		Release|Any CPU = Release|Any CPU
		Release|Mixed Platforms = Release|Mixed Platforms
		Release|x86 = Release|x86
	EndGlobalSection
	GlobalSection(ProjectConfigurationPlatforms) = postSolution
		{D0CC94D1-9DD1-4A43-98AF-F8CE9815DFBC}.Debug|Any CPU.ActiveCfg = Debug|x86
		{D0CC94D1-9DD1-4A43-98AF-F8CE9815DFBC}.Debug|Mixed Platforms.ActiveCfg = Debug|x86
		{D0CC94D1-9DD1-4A43-98AF-F8CE9815DFBC}.Debug|Mixed Platforms.Build.0 = Debug|x86
		{D0CC94D1-9DD1-4A43-98AF-F8CE9815DFBC}.Debug|x86.ActiveCfg = Debug|x86
		{D0CC94D1-9DD1-4A43-98AF-F8CE9815DFBC}.Debug|x86.Build.0 = Debug|x86
		{D0CC94D1-9DD1-4A43-98AF-F8CE9815DFBC}.Release|Any CPU.ActiveCfg = Release|x86
		{D0CC94D1-9DD1-4A43-98AF-F8CE9815DFBC}.Release|Mixed Platforms.ActiveCfg = Release|x86
		{D0CC94D1-9DD1-4A43-98AF-F8CE9815DFBC}.Release|Mixed Platforms.Build.0 = Release|x86
		{D0CC94D1-9DD1-4A43-98AF-F8CE9815DFBC}.Release|x86.ActiveCfg = Release|x86
		{D0CC94D1-9DD1-4A43-98AF-F8CE9815DFBC}.Release|x86.Build.0 = Release|x86
		{43967937-3D38-4DD8-9C63-A486A0BB6DD5}.Debug|Any CPU.ActiveCfg = Debug|Any CPU
		{43967937-3D38-4DD8-9C63-A486A0BB6DD5}.Debug|Any CPU.Build.0 = Debug|Any CPU
		{43967937-3D38-4DD8-9C63-A486A0BB6DD5}.Debug|Mixed Platforms.ActiveCfg = Debug|Any CPU
		{43967937-3D38-4DD8-9C63-A486A0BB6DD5}.Debug|Mixed Platforms.Build.0 = Debug|Any CPU
		{43967937-3D38-4DD8-9C63-A486A0BB6DD5}.Debug|x86.ActiveCfg = Debug|Any CPU
		{43967937-3D38-4DD8-9C63-A486A0BB6DD5}.Release|Any CPU.ActiveCfg = Release|Any CPU
		{43967937-3D38-4DD8-9C63-A486A0BB6DD5}.Release|Any CPU.Build.0 = Release|Any CPU
		{43967937-3D38-4DD8-9C63-A486A0BB6DD5}.Release|Mixed Platforms.ActiveCfg = Release|Any CPU
		{43967937-3D38-4DD8-9C63-A486A0BB6DD5}.Release|Mixed Platforms.Build.0 = Release|Any CPU
		{43967937-3D38-4DD8-9C63-A486A0BB6DD5}.Release|x86.ActiveCfg = Release|Any CPU
	EndGlobalSection
	GlobalSection(SolutionProperties) = preSolution
		HideSolutionNode = FALSE
	EndGlobalSection
EndGlobal
